
Microsoft Visual Studio Solution File, Format Version 12.00
# Visual Studio Version 17
VisualStudioVersion = 17.0.31903.59
MinimumVisualStudioVersion = 10.0.40219.1
Project("{FAE04EC0-301F-11D3-BF4B-00C04F79EFBC}") = "ServiceA", "ServiceA\ServiceA.csproj", "{2833E597-9E52-439E-9E05-A1076A51D16C}"
EndProject
Project("{FAE04EC0-301F-11D3-BF4B-00C04F79EFBC}") = "ServiceB", "ServiceB\ServiceB.csproj", "{FCB35EBB-B316-4191-B8BB-20E717E9BCE2}"
EndProject
Project("{FAE04EC0-301F-11D3-BF4B-00C04F79EFBC}") = "TunisiaDevDays.AppHost", "TunisiaDevDays.AppHost\TunisiaDevDays.AppHost.csproj", "{53AE28CA-2972-475E-8FCA-732D3AB7883B}"
EndProject
Project("{FAE04EC0-301F-11D3-BF4B-00C04F79EFBC}") = "TunisiaDevDays.ServiceDefaults", "TunisiaDevDays.ServiceDefaults\TunisiaDevDays.ServiceDefaults.csproj", "{5006C19A-1679-4EE2-B043-2EFADBE6DF27}"
EndProject
Project("{2150E333-8FDC-42A3-9474-1A3956D46DE8}") = "dapr", "dapr", "{89EEB786-EC2C-430F-AC55-1A7A9FBCE579}"
	ProjectSection(SolutionItems) = preProject
		Components\dapr commands.txt = Components\dapr commands.txt
		dapr\local\pubsub.yaml = dapr\local\pubsub.yaml
		dapr\local\statestore.yaml = dapr\local\statestore.yaml
		dapr\local\zipkin.yaml = dapr\local\zipkin.yaml
	EndProjectSection
EndProject
Project("{2150E333-8FDC-42A3-9474-1A3956D46DE8}") = "remote", "remote", "{BC92D87E-43CC-4817-B561-541B9D3D020D}"
	ProjectSection(SolutionItems) = preProject
		..\..\..\.dapr\components-old\pubsub.yaml = ..\..\..\.dapr\components-old\pubsub.yaml
		..\..\..\.dapr\components-old\statestore.yaml = ..\..\..\.dapr\components-old\statestore.yaml
		..\..\..\.dapr\components-old\zipkin.yaml = ..\..\..\.dapr\components-old\zipkin.yaml
	EndProjectSection
EndProject
Global
	GlobalSection(SolutionConfigurationPlatforms) = preSolution
		Debug|Any CPU = Debug|Any CPU
		Release|Any CPU = Release|Any CPU
	EndGlobalSection
	GlobalSection(ProjectConfigurationPlatforms) = postSolution
		{2833E597-9E52-439E-9E05-A1076A51D16C}.Debug|Any CPU.ActiveCfg = Debug|Any CPU
		{2833E597-9E52-439E-9E05-A1076A51D16C}.Debug|Any CPU.Build.0 = Debug|Any CPU
		{2833E597-9E52-439E-9E05-A1076A51D16C}.Release|Any CPU.ActiveCfg = Release|Any CPU
		{2833E597-9E52-439E-9E05-A1076A51D16C}.Release|Any CPU.Build.0 = Release|Any CPU
		{FCB35EBB-B316-4191-B8BB-20E717E9BCE2}.Debug|Any CPU.ActiveCfg = Debug|Any CPU
		{FCB35EBB-B316-4191-B8BB-20E717E9BCE2}.Debug|Any CPU.Build.0 = Debug|Any CPU
		{FCB35EBB-B316-4191-B8BB-20E717E9BCE2}.Release|Any CPU.ActiveCfg = Release|Any CPU
		{FCB35EBB-B316-4191-B8BB-20E717E9BCE2}.Release|Any CPU.Build.0 = Release|Any CPU
		{53AE28CA-2972-475E-8FCA-732D3AB7883B}.Debug|Any CPU.ActiveCfg = Debug|Any CPU
		{53AE28CA-2972-475E-8FCA-732D3AB7883B}.Debug|Any CPU.Build.0 = Debug|Any CPU
		{53AE28CA-2972-475E-8FCA-732D3AB7883B}.Release|Any CPU.ActiveCfg = Release|Any CPU
		{53AE28CA-2972-475E-8FCA-732D3AB7883B}.Release|Any CPU.Build.0 = Release|Any CPU
		{5006C19A-1679-4EE2-B043-2EFADBE6DF27}.Debug|Any CPU.ActiveCfg = Debug|Any CPU
		{5006C19A-1679-4EE2-B043-2EFADBE6DF27}.Debug|Any CPU.Build.0 = Debug|Any CPU
		{5006C19A-1679-4EE2-B043-2EFADBE6DF27}.Release|Any CPU.ActiveCfg = Release|Any CPU
		{5006C19A-1679-4EE2-B043-2EFADBE6DF27}.Release|Any CPU.Build.0 = Release|Any CPU
	EndGlobalSection
	GlobalSection(SolutionProperties) = preSolution
		HideSolutionNode = FALSE
	EndGlobalSection
	GlobalSection(NestedProjects) = preSolution
		{BC92D87E-43CC-4817-B561-541B9D3D020D} = {89EEB786-EC2C-430F-AC55-1A7A9FBCE579}
	EndGlobalSection
EndGlobal
